// !$*UTF8*$!
{
	archiveVersion = 1;
	classes = {
	};
	objectVersion = 46;
	objects = {

/* Begin PBXBuildFile section */
		20F8F2A917A1F0F600594994 /* WallPostsViewController.m in Sources */ = {isa = PBXBuildFile; fileRef = 20F8F2A817A1F0F600594994 /* WallPostsViewController.m */; };
		20F8F2AC17A1F0FD00594994 /* OptionsViewController.m in Sources */ = {isa = PBXBuildFile; fileRef = 20F8F2AB17A1F0FD00594994 /* OptionsViewController.m */; };
		6097BEDA17A6DC650012A36A /* LocationController.m in Sources */ = {isa = PBXBuildFile; fileRef = 6097BED917A6DC650012A36A /* LocationController.m */; };
		60C0B45E17A1A4E400DC0F92 /* GoogleMaps.framework in Frameworks */ = {isa = PBXBuildFile; fileRef = 60C0B45D17A1A4E400DC0F92 /* GoogleMaps.framework */; };
		60C0B46017A1A9EF00DC0F92 /* FacebookSDK.framework in Frameworks */ = {isa = PBXBuildFile; fileRef = 60C0B45F17A1A9EF00DC0F92 /* FacebookSDK.framework */; };
		60C0B46217A1AA1500DC0F92 /* AVFoundation.framework in Frameworks */ = {isa = PBXBuildFile; fileRef = 60C0B46117A1AA1500DC0F92 /* AVFoundation.framework */; };
		60C0B46417A1AA1D00DC0F92 /* CoreData.framework in Frameworks */ = {isa = PBXBuildFile; fileRef = 60C0B46317A1AA1D00DC0F92 /* CoreData.framework */; };
		60C0B46617A1AA2700DC0F92 /* CoreLocation.framework in Frameworks */ = {isa = PBXBuildFile; fileRef = 60C0B46517A1AA2700DC0F92 /* CoreLocation.framework */; };
		60C0B46817A1AA2E00DC0F92 /* CoreText.framework in Frameworks */ = {isa = PBXBuildFile; fileRef = 60C0B46717A1AA2E00DC0F92 /* CoreText.framework */; };
		60C0B46A17A1AA3500DC0F92 /* GLKit.framework in Frameworks */ = {isa = PBXBuildFile; fileRef = 60C0B46917A1AA3500DC0F92 /* GLKit.framework */; };
		60C0B46C17A1AA3C00DC0F92 /* ImageIO.framework in Frameworks */ = {isa = PBXBuildFile; fileRef = 60C0B46B17A1AA3C00DC0F92 /* ImageIO.framework */; };
		60C0B46E17A1AA4500DC0F92 /* libc++.dylib in Frameworks */ = {isa = PBXBuildFile; fileRef = 60C0B46D17A1AA4500DC0F92 /* libc++.dylib */; };
		60C0B47017A1AA5100DC0F92 /* libicucore.dylib in Frameworks */ = {isa = PBXBuildFile; fileRef = 60C0B46F17A1AA5100DC0F92 /* libicucore.dylib */; };
		60C0B47217A1AA6000DC0F92 /* OpenGLES.framework in Frameworks */ = {isa = PBXBuildFile; fileRef = 60C0B47117A1AA6000DC0F92 /* OpenGLES.framework */; };
		60C0B47617A1E44A00DC0F92 /* GoogleMaps.bundle in Resources */ = {isa = PBXBuildFile; fileRef = 60C0B47517A1E44A00DC0F92 /* GoogleMaps.bundle */; };
		60C0B47817A1E82100DC0F92 /* GMSCoreResources.bundle in Resources */ = {isa = PBXBuildFile; fileRef = 60C0B47717A1E4F000DC0F92 /* GMSCoreResources.bundle */; };
		60CB90B217A0866B00A9E93A /* Parse.framework in Frameworks */ = {isa = PBXBuildFile; fileRef = 60CB90B117A0866B00A9E93A /* Parse.framework */; };
		60CB90B617A086B500A9E93A /* AdSupport.framework in Frameworks */ = {isa = PBXBuildFile; fileRef = 60CB90B517A086B500A9E93A /* AdSupport.framework */; };
		60CB90BA17A086CF00A9E93A /* SystemConfiguration.framework in Frameworks */ = {isa = PBXBuildFile; fileRef = 60CB90B917A086CF00A9E93A /* SystemConfiguration.framework */; };
		60CB90BC17A086DB00A9E93A /* QuartzCore.framework in Frameworks */ = {isa = PBXBuildFile; fileRef = 60CB90BB17A086DB00A9E93A /* QuartzCore.framework */; };
		60CB90BE17A0872200A9E93A /* CFNetwork.framework in Frameworks */ = {isa = PBXBuildFile; fileRef = 60CB90BD17A0872200A9E93A /* CFNetwork.framework */; };
		60CB90C017A0872F00A9E93A /* MobileCoreServices.framework in Frameworks */ = {isa = PBXBuildFile; fileRef = 60CB90BF17A0872F00A9E93A /* MobileCoreServices.framework */; };
		60CB90C617A0897E00A9E93A /* libz.dylib in Frameworks */ = {isa = PBXBuildFile; fileRef = 60CB90C517A0897E00A9E93A /* libz.dylib */; };
		60CB90C817A0899700A9E93A /* libsqlite3.dylib in Frameworks */ = {isa = PBXBuildFile; fileRef = 60CB90C717A0899700A9E93A /* libsqlite3.dylib */; };
		60F4439717BEDBDC00C86E7E /* bluewood.jpg in Resources */ = {isa = PBXBuildFile; fileRef = 60F4439617BEDBDC00C86E7E /* bluewood.jpg */; };
		60F4439B17C28B8A00C86E7E /* AutoScrollLabel.m in Sources */ = {isa = PBXBuildFile; fileRef = 60F4439A17C28B8A00C86E7E /* AutoScrollLabel.m */; settings = {COMPILER_FLAGS = "-fno-objc-arc"; }; };
		8205692417B95876006A2000 /* LoginView.m in Sources */ = {isa = PBXBuildFile; fileRef = 8205692317B95876006A2000 /* LoginView.m */; };
		82148F3217AADD140066C69A /* Geocoding.m in Sources */ = {isa = PBXBuildFile; fileRef = 82148F3117AADD140066C69A /* Geocoding.m */; };
		827C7A2917BAE44E000253DF /* StoreKit.framework in Frameworks */ = {isa = PBXBuildFile; fileRef = 8624CD2017A2E99800F32DE8 /* StoreKit.framework */; };
		827CFE7717BD6A69003ED5AB /* MediaPlayer.framework in Frameworks */ = {isa = PBXBuildFile; fileRef = 827CFE7617BD6A69003ED5AB /* MediaPlayer.framework */; };
		829ED75F17B3135A006AD7D5 /* camera.png in Resources */ = {isa = PBXBuildFile; fileRef = 829ED75E17B3135A006AD7D5 /* camera.png */; };
		82AA117C17BADC5F00D570DC /* Rdio.framework in Frameworks */ = {isa = PBXBuildFile; fileRef = 82AA117B17BADC5F00D570DC /* Rdio.framework */; };
		82AA117E17BADC7A00D570DC /* AudioToolbox.framework in Frameworks */ = {isa = PBXBuildFile; fileRef = 82AA117D17BADC7A00D570DC /* AudioToolbox.framework */; };
		82AA118017BADC8800D570DC /* Security.framework in Frameworks */ = {isa = PBXBuildFile; fileRef = 82AA117F17BADC8800D570DC /* Security.framework */; };
		82CA7C3217BC37DA00F00008 /* musicNote.png in Resources */ = {isa = PBXBuildFile; fileRef = 82CA7C2F17BC37DA00F00008 /* musicNote.png */; };
		82CA7C3317BC37DA00F00008 /* AddMusicViewController.m in Sources */ = {isa = PBXBuildFile; fileRef = 82CA7C3117BC37DA00F00008 /* AddMusicViewController.m */; };
		82E9316917A079C600B3958B /* Foundation.framework in Frameworks */ = {isa = PBXBuildFile; fileRef = 82E9316817A079C600B3958B /* Foundation.framework */; };
		82E9316B17A079C600B3958B /* CoreGraphics.framework in Frameworks */ = {isa = PBXBuildFile; fileRef = 82E9316A17A079C600B3958B /* CoreGraphics.framework */; };
		82E9316D17A079C600B3958B /* UIKit.framework in Frameworks */ = {isa = PBXBuildFile; fileRef = 82E9316C17A079C600B3958B /* UIKit.framework */; };
		82E9317317A079C600B3958B /* InfoPlist.strings in Resources */ = {isa = PBXBuildFile; fileRef = 82E9317117A079C600B3958B /* InfoPlist.strings */; };
		82E9317517A079C600B3958B /* main.m in Sources */ = {isa = PBXBuildFile; fileRef = 82E9317417A079C600B3958B /* main.m */; };
		82E9317917A079C600B3958B /* AppDelegate.m in Sources */ = {isa = PBXBuildFile; fileRef = 82E9317817A079C600B3958B /* AppDelegate.m */; };
		82E9317B17A079C600B3958B /* Images.xcassets in Resources */ = {isa = PBXBuildFile; fileRef = 82E9317A17A079C600B3958B /* Images.xcassets */; };
		82E9318217A079C600B3958B /* XCTest.framework in Frameworks */ = {isa = PBXBuildFile; fileRef = 82E9318117A079C600B3958B /* XCTest.framework */; };
		82E9318317A079C600B3958B /* Foundation.framework in Frameworks */ = {isa = PBXBuildFile; fileRef = 82E9316817A079C600B3958B /* Foundation.framework */; };
		82E9318417A079C600B3958B /* UIKit.framework in Frameworks */ = {isa = PBXBuildFile; fileRef = 82E9316C17A079C600B3958B /* UIKit.framework */; };
		82E9318C17A079C600B3958B /* InfoPlist.strings in Resources */ = {isa = PBXBuildFile; fileRef = 82E9318A17A079C600B3958B /* InfoPlist.strings */; };
		82E9318E17A079C600B3958B /* UbiquityTests.m in Sources */ = {isa = PBXBuildFile; fileRef = 82E9318D17A079C600B3958B /* UbiquityTests.m */; };
		82E931A717A07A3700B3958B /* FacebookSDKResources.bundle in Resources */ = {isa = PBXBuildFile; fileRef = 82E9319717A07A3700B3958B /* FacebookSDKResources.bundle */; };
		82E931BA17A07A8800B3958B /* LoginViewController.m in Sources */ = {isa = PBXBuildFile; fileRef = 82E931B817A07A8800B3958B /* LoginViewController.m */; };
		82E931EA17A093C600B3958B /* login-button-small-pressed.png in Resources */ = {isa = PBXBuildFile; fileRef = 82E931E317A093C600B3958B /* login-button-small-pressed.png */; };
		82E931EB17A093C600B3958B /* login-button-small-pressed@2x.png in Resources */ = {isa = PBXBuildFile; fileRef = 82E931E417A093C600B3958B /* login-button-small-pressed@2x.png */; };
		82E931EC17A093C600B3958B /* login-button-small.png in Resources */ = {isa = PBXBuildFile; fileRef = 82E931E517A093C600B3958B /* login-button-small.png */; };
		82E931ED17A093C600B3958B /* login-button-small@2x.png in Resources */ = {isa = PBXBuildFile; fileRef = 82E931E617A093C600B3958B /* login-button-small@2x.png */; };
		82E931F317A093D500B3958B /* icon.png in Resources */ = {isa = PBXBuildFile; fileRef = 82E931F117A093D500B3958B /* icon.png */; };
		82E931F417A093D500B3958B /* icon@2x.png in Resources */ = {isa = PBXBuildFile; fileRef = 82E931F217A093D500B3958B /* icon@2x.png */; };
		860A83D717BD8B1A00DFB58A /* UnreadNote.png in Resources */ = {isa = PBXBuildFile; fileRef = 860A83D617BD8B1A00DFB58A /* UnreadNote.png */; };
		860A83DB17BD8B2800DFB58A /* ToFriends.png in Resources */ = {isa = PBXBuildFile; fileRef = 860A83D817BD8B2800DFB58A /* ToFriends.png */; };
		860A83DC17BD8B2800DFB58A /* ToMe.png in Resources */ = {isa = PBXBuildFile; fileRef = 860A83D917BD8B2800DFB58A /* ToMe.png */; };
		860A83DD17BD8B2800DFB58A /* ToPublic.png in Resources */ = {isa = PBXBuildFile; fileRef = 860A83DA17BD8B2800DFB58A /* ToPublic.png */; };
		860A83E117BD8B3400DFB58A /* newMessage.png in Resources */ = {isa = PBXBuildFile; fileRef = 860A83DE17BD8B3400DFB58A /* newMessage.png */; };
		860A83E217BD8B3400DFB58A /* public.png in Resources */ = {isa = PBXBuildFile; fileRef = 860A83DF17BD8B3400DFB58A /* public.png */; };
		860A83E317BD8B3400DFB58A /* ReadNote.png in Resources */ = {isa = PBXBuildFile; fileRef = 860A83E017BD8B3400DFB58A /* ReadNote.png */; };
		860A83E817BD8B4300DFB58A /* envelope.png in Resources */ = {isa = PBXBuildFile; fileRef = 860A83E417BD8B4300DFB58A /* envelope.png */; };
		860A83E917BD8B4300DFB58A /* friends.png in Resources */ = {isa = PBXBuildFile; fileRef = 860A83E517BD8B4300DFB58A /* friends.png */; };
		860A83EA17BD8B4300DFB58A /* gear.png in Resources */ = {isa = PBXBuildFile; fileRef = 860A83E617BD8B4300DFB58A /* gear.png */; };
		860A83EB17BD8B4300DFB58A /* JukeBox.png in Resources */ = {isa = PBXBuildFile; fileRef = 860A83E717BD8B4300DFB58A /* JukeBox.png */; };
		860A83ED17BD8B4D00DFB58A /* addFriend.png in Resources */ = {isa = PBXBuildFile; fileRef = 860A83EC17BD8B4D00DFB58A /* addFriend.png */; };
		864C053A17B57003000B5A52 /* newMessage@2x.png in Resources */ = {isa = PBXBuildFile; fileRef = 864C053917B57003000B5A52 /* newMessage@2x.png */; };
		864C054017B5702C000B5A52 /* friends@2x.png in Resources */ = {isa = PBXBuildFile; fileRef = 864C053E17B5702C000B5A52 /* friends@2x.png */; };
		864C054717B5BF79000B5A52 /* HomeMapViewController.m in Sources */ = {isa = PBXBuildFile; fileRef = 864C054617B5BF79000B5A52 /* HomeMapViewController.m */; };
		864C054A17B5BF99000B5A52 /* HomeMapView.m in Sources */ = {isa = PBXBuildFile; fileRef = 864C054917B5BF99000B5A52 /* HomeMapView.m */; };
		865FBE4717B4061B00A3F7E2 /* LoginBg.png in Resources */ = {isa = PBXBuildFile; fileRef = 865FBE4617B4061B00A3F7E2 /* LoginBg.png */; };
		865FBE4B17B4064300A3F7E2 /* ubi.png in Resources */ = {isa = PBXBuildFile; fileRef = 865FBE4A17B4064300A3F7E2 /* ubi.png */; };
		865FBE4E17B4069000A3F7E2 /* Default.png in Resources */ = {isa = PBXBuildFile; fileRef = 865FBE4C17B4069000A3F7E2 /* Default.png */; };
		865FBE4F17B4069000A3F7E2 /* Default@2x.png in Resources */ = {isa = PBXBuildFile; fileRef = 865FBE4D17B4069000A3F7E2 /* Default@2x.png */; };
		8666BB6917BC85B8001EBD23 /* SelectedSeg.png in Resources */ = {isa = PBXBuildFile; fileRef = 8666BB6717BC85B8001EBD23 /* SelectedSeg.png */; };
		8666BB6A17BC85B8001EBD23 /* UnselectedSeg.png in Resources */ = {isa = PBXBuildFile; fileRef = 8666BB6817BC85B8001EBD23 /* UnselectedSeg.png */; };
		8666BB6C17BC944D001EBD23 /* Div.png in Resources */ = {isa = PBXBuildFile; fileRef = 8666BB6B17BC944D001EBD23 /* Div.png */; };
		8666BB6F17BD3E0D001EBD23 /* GMSMarkerWithCount.m in Sources */ = {isa = PBXBuildFile; fileRef = 8666BB6E17BD3E0D001EBD23 /* GMSMarkerWithCount.m */; };
		8666BB7117BD590E001EBD23 /* musicNoteRed.png in Resources */ = {isa = PBXBuildFile; fileRef = 8666BB7017BD590E001EBD23 /* musicNoteRed.png */; };
		8666BB7617BD5F75001EBD23 /* JukeBox@2x.png in Resources */ = {isa = PBXBuildFile; fileRef = 8666BB7517BD5F75001EBD23 /* JukeBox@2x.png */; };
		86730A0E17BEB048001CF1C1 /* CurLocationMarker.png in Resources */ = {isa = PBXBuildFile; fileRef = 86730A0D17BEB048001CF1C1 /* CurLocationMarker.png */; };
		86730A1017BEB09C001CF1C1 /* CurLocationMarker@2x.png in Resources */ = {isa = PBXBuildFile; fileRef = 86730A0F17BEB09C001CF1C1 /* CurLocationMarker@2x.png */; };
		86894B5F17A096FF00F7146B /* NewMessageViewController.m in Sources */ = {isa = PBXBuildFile; fileRef = 86894B5E17A096FF00F7146B /* NewMessageViewController.m */; };
		86894B6217A0A72800F7146B /* TextMessage.m in Sources */ = {isa = PBXBuildFile; fileRef = 86894B6117A0A72800F7146B /* TextMessage.m */; };
		86894B6517A1E96200F7146B /* searchbutton.png in Resources */ = {isa = PBXBuildFile; fileRef = 86894B6317A1E96200F7146B /* searchbutton.png */; };
		86894B6617A1E96200F7146B /* searchbutton@2x.png in Resources */ = {isa = PBXBuildFile; fileRef = 86894B6417A1E96200F7146B /* searchbutton@2x.png */; };
		869BEC9D17B0143E00437EA0 /* SenTestingKit.framework in Frameworks */ = {isa = PBXBuildFile; fileRef = 869BEC8517B0119D00437EA0 /* SenTestingKit.framework */; };
		86A66C2D17A316A000DB5752 /* NewMessageView.m in Sources */ = {isa = PBXBuildFile; fileRef = 86A66C2C17A316A000DB5752 /* NewMessageView.m */; };
		86D1F43217B956BC003B7FED /* envelope@2x.png in Resources */ = {isa = PBXBuildFile; fileRef = 86D1F43117B956BC003B7FED /* envelope@2x.png */; };
		86D1F43417B985B3003B7FED /* addFriend@2x.png in Resources */ = {isa = PBXBuildFile; fileRef = 86D1F43317B985B3003B7FED /* addFriend@2x.png */; };
		86D1F43A17B9B6D6003B7FED /* gear@2x.png in Resources */ = {isa = PBXBuildFile; fileRef = 86D1F43917B9B6D6003B7FED /* gear@2x.png */; };
		86D1F43F17B9BA1B003B7FED /* me@2x.png in Resources */ = {isa = PBXBuildFile; fileRef = 86D1F43C17B9BA1B003B7FED /* me@2x.png */; };
		86D1F44017B9BA1B003B7FED /* public@2x.png in Resources */ = {isa = PBXBuildFile; fileRef = 86D1F43D17B9BA1B003B7FED /* public@2x.png */; };
		86D1F44317BA9D31003B7FED /* NoteView.m in Sources */ = {isa = PBXBuildFile; fileRef = 86D1F44217BA9D31003B7FED /* NoteView.m */; };
		86D1F44517BAA0DB003B7FED /* UnreadNote@2x.png in Resources */ = {isa = PBXBuildFile; fileRef = 86D1F44417BAA0DB003B7FED /* UnreadNote@2x.png */; };
		86D1F44817BAB2B5003B7FED /* NoteViewController.m in Sources */ = {isa = PBXBuildFile; fileRef = 86D1F44717BAB2B5003B7FED /* NoteViewController.m */; };
		86D1F44C17BAB90A003B7FED /* ToFriends@2x.png in Resources */ = {isa = PBXBuildFile; fileRef = 86D1F44917BAB90A003B7FED /* ToFriends@2x.png */; };
		86D1F44D17BAB90A003B7FED /* ToMe@2x.png in Resources */ = {isa = PBXBuildFile; fileRef = 86D1F44A17BAB90A003B7FED /* ToMe@2x.png */; };
		86D1F44E17BAB90A003B7FED /* ToPublic@2x.png in Resources */ = {isa = PBXBuildFile; fileRef = 86D1F44B17BAB90A003B7FED /* ToPublic@2x.png */; };
		86D1F45017BC21EA003B7FED /* close.png in Resources */ = {isa = PBXBuildFile; fileRef = 86D1F44F17BC21EA003B7FED /* close.png */; };
		86D1F45317BC29FE003B7FED /* leftarrow.png in Resources */ = {isa = PBXBuildFile; fileRef = 86D1F45117BC29FE003B7FED /* leftarrow.png */; };
		86D1F45417BC29FE003B7FED /* rightarrow.png in Resources */ = {isa = PBXBuildFile; fileRef = 86D1F45217BC29FE003B7FED /* rightarrow.png */; };
		86D1F45617BC2F3C003B7FED /* ReadNote@2x.png in Resources */ = {isa = PBXBuildFile; fileRef = 86D1F45517BC2F3C003B7FED /* ReadNote@2x.png */; };
/* End PBXBuildFile section */

/* Begin PBXContainerItemProxy section */
		82E9318517A079C600B3958B /* PBXContainerItemProxy */ = {
			isa = PBXContainerItemProxy;
			containerPortal = 82E9315D17A079C600B3958B /* Project object */;
			proxyType = 1;
			remoteGlobalIDString = 82E9316417A079C600B3958B;
			remoteInfo = Ubiquity;
		};
/* End PBXContainerItemProxy section */

/* Begin PBXFileReference section */
		20F8F2A717A1F0F600594994 /* WallPostsViewController.h */ = {isa = PBXFileReference; fileEncoding = 4; lastKnownFileType = sourcecode.c.h; path = WallPostsViewController.h; sourceTree = "<group>"; };
		20F8F2A817A1F0F600594994 /* WallPostsViewController.m */ = {isa = PBXFileReference; fileEncoding = 4; lastKnownFileType = sourcecode.c.objc; path = WallPostsViewController.m; sourceTree = "<group>"; };
		20F8F2AA17A1F0FD00594994 /* OptionsViewController.h */ = {isa = PBXFileReference; fileEncoding = 4; lastKnownFileType = sourcecode.c.h; path = OptionsViewController.h; sourceTree = "<group>"; };
		20F8F2AB17A1F0FD00594994 /* OptionsViewController.m */ = {isa = PBXFileReference; fileEncoding = 4; lastKnownFileType = sourcecode.c.objc; path = OptionsViewController.m; sourceTree = "<group>"; };
		6097BED817A6DC650012A36A /* LocationController.h */ = {isa = PBXFileReference; fileEncoding = 4; lastKnownFileType = sourcecode.c.h; path = LocationController.h; sourceTree = "<group>"; };
		6097BED917A6DC650012A36A /* LocationController.m */ = {isa = PBXFileReference; fileEncoding = 4; lastKnownFileType = sourcecode.c.objc; path = LocationController.m; sourceTree = "<group>"; };
		60B3A23217BACD9F00CBCE51 /* Default-568h@2x.png */ = {isa = PBXFileReference; lastKnownFileType = image.png; path = "Default-568h@2x.png"; sourceTree = "<group>"; };
		60C0B45D17A1A4E400DC0F92 /* GoogleMaps.framework */ = {isa = PBXFileReference; lastKnownFileType = wrapper.framework; path = GoogleMaps.framework; sourceTree = "<group>"; };
		60C0B45F17A1A9EF00DC0F92 /* FacebookSDK.framework */ = {isa = PBXFileReference; lastKnownFileType = wrapper.framework; path = FacebookSDK.framework; sourceTree = "<group>"; };
		60C0B46117A1AA1500DC0F92 /* AVFoundation.framework */ = {isa = PBXFileReference; lastKnownFileType = wrapper.framework; name = AVFoundation.framework; path = System/Library/Frameworks/AVFoundation.framework; sourceTree = SDKROOT; };
		60C0B46317A1AA1D00DC0F92 /* CoreData.framework */ = {isa = PBXFileReference; lastKnownFileType = wrapper.framework; name = CoreData.framework; path = System/Library/Frameworks/CoreData.framework; sourceTree = SDKROOT; };
		60C0B46517A1AA2700DC0F92 /* CoreLocation.framework */ = {isa = PBXFileReference; lastKnownFileType = wrapper.framework; name = CoreLocation.framework; path = System/Library/Frameworks/CoreLocation.framework; sourceTree = SDKROOT; };
		60C0B46717A1AA2E00DC0F92 /* CoreText.framework */ = {isa = PBXFileReference; lastKnownFileType = wrapper.framework; name = CoreText.framework; path = System/Library/Frameworks/CoreText.framework; sourceTree = SDKROOT; };
		60C0B46917A1AA3500DC0F92 /* GLKit.framework */ = {isa = PBXFileReference; lastKnownFileType = wrapper.framework; name = GLKit.framework; path = System/Library/Frameworks/GLKit.framework; sourceTree = SDKROOT; };
		60C0B46B17A1AA3C00DC0F92 /* ImageIO.framework */ = {isa = PBXFileReference; lastKnownFileType = wrapper.framework; name = ImageIO.framework; path = System/Library/Frameworks/ImageIO.framework; sourceTree = SDKROOT; };
		60C0B46D17A1AA4500DC0F92 /* libc++.dylib */ = {isa = PBXFileReference; lastKnownFileType = "compiled.mach-o.dylib"; name = "libc++.dylib"; path = "usr/lib/libc++.dylib"; sourceTree = SDKROOT; };
		60C0B46F17A1AA5100DC0F92 /* libicucore.dylib */ = {isa = PBXFileReference; lastKnownFileType = "compiled.mach-o.dylib"; name = libicucore.dylib; path = usr/lib/libicucore.dylib; sourceTree = SDKROOT; };
		60C0B47117A1AA6000DC0F92 /* OpenGLES.framework */ = {isa = PBXFileReference; lastKnownFileType = wrapper.framework; name = OpenGLES.framework; path = System/Library/Frameworks/OpenGLES.framework; sourceTree = SDKROOT; };
		60C0B47517A1E44A00DC0F92 /* GoogleMaps.bundle */ = {isa = PBXFileReference; lastKnownFileType = "wrapper.plug-in"; path = GoogleMaps.bundle; sourceTree = "<group>"; };
		60C0B47717A1E4F000DC0F92 /* GMSCoreResources.bundle */ = {isa = PBXFileReference; lastKnownFileType = "wrapper.plug-in"; name = GMSCoreResources.bundle; path = GoogleMaps.bundle/GMSCoreResources.bundle; sourceTree = "<group>"; };
		60CB90B117A0866B00A9E93A /* Parse.framework */ = {isa = PBXFileReference; lastKnownFileType = wrapper.framework; path = Parse.framework; sourceTree = "<group>"; };
		60CB90B517A086B500A9E93A /* AdSupport.framework */ = {isa = PBXFileReference; lastKnownFileType = wrapper.framework; name = AdSupport.framework; path = System/Library/Frameworks/AdSupport.framework; sourceTree = SDKROOT; };
		60CB90B917A086CF00A9E93A /* SystemConfiguration.framework */ = {isa = PBXFileReference; lastKnownFileType = wrapper.framework; name = SystemConfiguration.framework; path = System/Library/Frameworks/SystemConfiguration.framework; sourceTree = SDKROOT; };
		60CB90BB17A086DB00A9E93A /* QuartzCore.framework */ = {isa = PBXFileReference; lastKnownFileType = wrapper.framework; name = QuartzCore.framework; path = System/Library/Frameworks/QuartzCore.framework; sourceTree = SDKROOT; };
		60CB90BD17A0872200A9E93A /* CFNetwork.framework */ = {isa = PBXFileReference; lastKnownFileType = wrapper.framework; name = CFNetwork.framework; path = System/Library/Frameworks/CFNetwork.framework; sourceTree = SDKROOT; };
		60CB90BF17A0872F00A9E93A /* MobileCoreServices.framework */ = {isa = PBXFileReference; lastKnownFileType = wrapper.framework; name = MobileCoreServices.framework; path = System/Library/Frameworks/MobileCoreServices.framework; sourceTree = SDKROOT; };
		60CB90C517A0897E00A9E93A /* libz.dylib */ = {isa = PBXFileReference; lastKnownFileType = "compiled.mach-o.dylib"; name = libz.dylib; path = usr/lib/libz.dylib; sourceTree = SDKROOT; };
		60CB90C717A0899700A9E93A /* libsqlite3.dylib */ = {isa = PBXFileReference; lastKnownFileType = "compiled.mach-o.dylib"; name = libsqlite3.dylib; path = usr/lib/libsqlite3.dylib; sourceTree = SDKROOT; };
		60F4439617BEDBDC00C86E7E /* bluewood.jpg */ = {isa = PBXFileReference; lastKnownFileType = image.jpeg; path = bluewood.jpg; sourceTree = "<group>"; };
		60F4439917C28B8A00C86E7E /* AutoScrollLabel.h */ = {isa = PBXFileReference; fileEncoding = 4; lastKnownFileType = sourcecode.c.h; path = AutoScrollLabel.h; sourceTree = "<group>"; };
		60F4439A17C28B8A00C86E7E /* AutoScrollLabel.m */ = {isa = PBXFileReference; fileEncoding = 4; lastKnownFileType = sourcecode.c.objc; path = AutoScrollLabel.m; sourceTree = "<group>"; };
		8205692317B95876006A2000 /* LoginView.m */ = {isa = PBXFileReference; lastKnownFileType = sourcecode.c.objc; path = LoginView.m; sourceTree = "<group>"; };
		82148F3017AADD140066C69A /* Geocoding.h */ = {isa = PBXFileReference; fileEncoding = 4; lastKnownFileType = sourcecode.c.h; path = Geocoding.h; sourceTree = "<group>"; };
		82148F3117AADD140066C69A /* Geocoding.m */ = {isa = PBXFileReference; fileEncoding = 4; lastKnownFileType = sourcecode.c.objc; path = Geocoding.m; sourceTree = "<group>"; };
		82148F3317AADEE80066C69A /* CoreFoundation.framework */ = {isa = PBXFileReference; lastKnownFileType = wrapper.framework; name = CoreFoundation.framework; path = System/Library/Frameworks/CoreFoundation.framework; sourceTree = SDKROOT; };
		8249ED8B17B9533200541598 /* LoginViewController.h */ = {isa = PBXFileReference; lastKnownFileType = sourcecode.c.h; path = LoginViewController.h; sourceTree = "<group>"; };
		8254637417B953BE00019C24 /* LoginView.h */ = {isa = PBXFileReference; fileEncoding = 4; lastKnownFileType = sourcecode.c.h; path = LoginView.h; sourceTree = "<group>"; };
		827CFE7617BD6A69003ED5AB /* MediaPlayer.framework */ = {isa = PBXFileReference; lastKnownFileType = wrapper.framework; name = MediaPlayer.framework; path = System/Library/Frameworks/MediaPlayer.framework; sourceTree = SDKROOT; };
		829ED75E17B3135A006AD7D5 /* camera.png */ = {isa = PBXFileReference; lastKnownFileType = image.png; path = camera.png; sourceTree = "<group>"; };
		82AA117B17BADC5F00D570DC /* Rdio.framework */ = {isa = PBXFileReference; lastKnownFileType = wrapper.framework; path = Rdio.framework; sourceTree = "<group>"; };
		82AA117D17BADC7A00D570DC /* AudioToolbox.framework */ = {isa = PBXFileReference; lastKnownFileType = wrapper.framework; name = AudioToolbox.framework; path = System/Library/Frameworks/AudioToolbox.framework; sourceTree = SDKROOT; };
		82AA117F17BADC8800D570DC /* Security.framework */ = {isa = PBXFileReference; lastKnownFileType = wrapper.framework; name = Security.framework; path = System/Library/Frameworks/Security.framework; sourceTree = SDKROOT; };
		82CA7C2F17BC37DA00F00008 /* musicNote.png */ = {isa = PBXFileReference; lastKnownFileType = image.png; path = musicNote.png; sourceTree = "<group>"; };
		82CA7C3017BC37DA00F00008 /* AddMusicViewController.h */ = {isa = PBXFileReference; fileEncoding = 4; lastKnownFileType = sourcecode.c.h; path = AddMusicViewController.h; sourceTree = "<group>"; };
		82CA7C3117BC37DA00F00008 /* AddMusicViewController.m */ = {isa = PBXFileReference; fileEncoding = 4; lastKnownFileType = sourcecode.c.objc; path = AddMusicViewController.m; sourceTree = "<group>"; };
		82E9316517A079C600B3958B /* Ubiquity.app */ = {isa = PBXFileReference; explicitFileType = wrapper.application; includeInIndex = 0; path = Ubiquity.app; sourceTree = BUILT_PRODUCTS_DIR; };
		82E9316817A079C600B3958B /* Foundation.framework */ = {isa = PBXFileReference; lastKnownFileType = wrapper.framework; name = Foundation.framework; path = System/Library/Frameworks/Foundation.framework; sourceTree = SDKROOT; };
		82E9316A17A079C600B3958B /* CoreGraphics.framework */ = {isa = PBXFileReference; lastKnownFileType = wrapper.framework; name = CoreGraphics.framework; path = System/Library/Frameworks/CoreGraphics.framework; sourceTree = SDKROOT; };
		82E9316C17A079C600B3958B /* UIKit.framework */ = {isa = PBXFileReference; lastKnownFileType = wrapper.framework; name = UIKit.framework; path = System/Library/Frameworks/UIKit.framework; sourceTree = SDKROOT; };
		82E9317017A079C600B3958B /* Ubiquity-Info.plist */ = {isa = PBXFileReference; lastKnownFileType = text.plist.xml; path = "Ubiquity-Info.plist"; sourceTree = "<group>"; };
		82E9317217A079C600B3958B /* en */ = {isa = PBXFileReference; lastKnownFileType = text.plist.strings; name = en; path = en.lproj/InfoPlist.strings; sourceTree = "<group>"; };
		82E9317417A079C600B3958B /* main.m */ = {isa = PBXFileReference; lastKnownFileType = sourcecode.c.objc; path = main.m; sourceTree = "<group>"; };
		82E9317617A079C600B3958B /* Ubiquity-Prefix.pch */ = {isa = PBXFileReference; lastKnownFileType = sourcecode.c.h; path = "Ubiquity-Prefix.pch"; sourceTree = "<group>"; };
		82E9317717A079C600B3958B /* AppDelegate.h */ = {isa = PBXFileReference; lastKnownFileType = sourcecode.c.h; path = AppDelegate.h; sourceTree = "<group>"; };
		82E9317817A079C600B3958B /* AppDelegate.m */ = {isa = PBXFileReference; lastKnownFileType = sourcecode.c.objc; path = AppDelegate.m; sourceTree = "<group>"; };
		82E9317A17A079C600B3958B /* Images.xcassets */ = {isa = PBXFileReference; lastKnownFileType = folder.assetcatalog; path = Images.xcassets; sourceTree = "<group>"; };
		82E9318017A079C600B3958B /* UbiquityTests.xctest */ = {isa = PBXFileReference; explicitFileType = wrapper.cfbundle; includeInIndex = 0; path = UbiquityTests.xctest; sourceTree = BUILT_PRODUCTS_DIR; };
		82E9318117A079C600B3958B /* XCTest.framework */ = {isa = PBXFileReference; lastKnownFileType = wrapper.framework; name = XCTest.framework; path = Library/Frameworks/XCTest.framework; sourceTree = DEVELOPER_DIR; };
		82E9318917A079C600B3958B /* UbiquityTests-Info.plist */ = {isa = PBXFileReference; lastKnownFileType = text.plist.xml; path = "UbiquityTests-Info.plist"; sourceTree = "<group>"; };
		82E9318B17A079C600B3958B /* en */ = {isa = PBXFileReference; lastKnownFileType = text.plist.strings; name = en; path = en.lproj/InfoPlist.strings; sourceTree = "<group>"; };
		82E9318D17A079C600B3958B /* UbiquityTests.m */ = {isa = PBXFileReference; lastKnownFileType = sourcecode.c.objc; path = UbiquityTests.m; sourceTree = "<group>"; };
		82E9319717A07A3700B3958B /* FacebookSDKResources.bundle */ = {isa = PBXFileReference; lastKnownFileType = "wrapper.plug-in"; path = FacebookSDKResources.bundle; sourceTree = "<group>"; };
		82E931B817A07A8800B3958B /* LoginViewController.m */ = {isa = PBXFileReference; fileEncoding = 4; lastKnownFileType = sourcecode.c.objc; path = LoginViewController.m; sourceTree = "<group>"; };
		82E931E317A093C600B3958B /* login-button-small-pressed.png */ = {isa = PBXFileReference; lastKnownFileType = image.png; path = "login-button-small-pressed.png"; sourceTree = "<group>"; };
		82E931E417A093C600B3958B /* login-button-small-pressed@2x.png */ = {isa = PBXFileReference; lastKnownFileType = image.png; path = "login-button-small-pressed@2x.png"; sourceTree = "<group>"; };
		82E931E517A093C600B3958B /* login-button-small.png */ = {isa = PBXFileReference; lastKnownFileType = image.png; path = "login-button-small.png"; sourceTree = "<group>"; };
		82E931E617A093C600B3958B /* login-button-small@2x.png */ = {isa = PBXFileReference; lastKnownFileType = image.png; path = "login-button-small@2x.png"; sourceTree = "<group>"; };
		82E931F117A093D500B3958B /* icon.png */ = {isa = PBXFileReference; lastKnownFileType = image.png; path = icon.png; sourceTree = "<group>"; };
		82E931F217A093D500B3958B /* icon@2x.png */ = {isa = PBXFileReference; lastKnownFileType = image.png; path = "icon@2x.png"; sourceTree = "<group>"; };
		860A83D617BD8B1A00DFB58A /* UnreadNote.png */ = {isa = PBXFileReference; lastKnownFileType = image.png; path = UnreadNote.png; sourceTree = "<group>"; };
		860A83D817BD8B2800DFB58A /* ToFriends.png */ = {isa = PBXFileReference; lastKnownFileType = image.png; path = ToFriends.png; sourceTree = "<group>"; };
		860A83D917BD8B2800DFB58A /* ToMe.png */ = {isa = PBXFileReference; lastKnownFileType = image.png; path = ToMe.png; sourceTree = "<group>"; };
		860A83DA17BD8B2800DFB58A /* ToPublic.png */ = {isa = PBXFileReference; lastKnownFileType = image.png; path = ToPublic.png; sourceTree = "<group>"; };
		860A83DE17BD8B3400DFB58A /* newMessage.png */ = {isa = PBXFileReference; lastKnownFileType = image.png; path = newMessage.png; sourceTree = "<group>"; };
		860A83DF17BD8B3400DFB58A /* public.png */ = {isa = PBXFileReference; lastKnownFileType = image.png; path = public.png; sourceTree = "<group>"; };
		860A83E017BD8B3400DFB58A /* ReadNote.png */ = {isa = PBXFileReference; lastKnownFileType = image.png; path = ReadNote.png; sourceTree = "<group>"; };
		860A83E417BD8B4300DFB58A /* envelope.png */ = {isa = PBXFileReference; lastKnownFileType = image.png; path = envelope.png; sourceTree = "<group>"; };
		860A83E517BD8B4300DFB58A /* friends.png */ = {isa = PBXFileReference; lastKnownFileType = image.png; path = friends.png; sourceTree = "<group>"; };
		860A83E617BD8B4300DFB58A /* gear.png */ = {isa = PBXFileReference; lastKnownFileType = image.png; path = gear.png; sourceTree = "<group>"; };
		860A83E717BD8B4300DFB58A /* JukeBox.png */ = {isa = PBXFileReference; lastKnownFileType = image.png; path = JukeBox.png; sourceTree = "<group>"; };
		860A83EC17BD8B4D00DFB58A /* addFriend.png */ = {isa = PBXFileReference; lastKnownFileType = image.png; path = addFriend.png; sourceTree = "<group>"; };
		8624CD2017A2E99800F32DE8 /* StoreKit.framework */ = {isa = PBXFileReference; lastKnownFileType = wrapper.framework; name = StoreKit.framework; path = System/Library/Frameworks/StoreKit.framework; sourceTree = SDKROOT; };
		864C053917B57003000B5A52 /* newMessage@2x.png */ = {isa = PBXFileReference; lastKnownFileType = image.png; path = "newMessage@2x.png"; sourceTree = "<group>"; };
		864C053E17B5702C000B5A52 /* friends@2x.png */ = {isa = PBXFileReference; lastKnownFileType = image.png; path = "friends@2x.png"; sourceTree = "<group>"; };
		864C054517B5BF79000B5A52 /* HomeMapViewController.h */ = {isa = PBXFileReference; fileEncoding = 4; lastKnownFileType = sourcecode.c.h; path = HomeMapViewController.h; sourceTree = "<group>"; };
		864C054617B5BF79000B5A52 /* HomeMapViewController.m */ = {isa = PBXFileReference; fileEncoding = 4; lastKnownFileType = sourcecode.c.objc; path = HomeMapViewController.m; sourceTree = "<group>"; };
		864C054817B5BF99000B5A52 /* HomeMapView.h */ = {isa = PBXFileReference; fileEncoding = 4; lastKnownFileType = sourcecode.c.h; path = HomeMapView.h; sourceTree = "<group>"; };
		864C054917B5BF99000B5A52 /* HomeMapView.m */ = {isa = PBXFileReference; fileEncoding = 4; lastKnownFileType = sourcecode.c.objc; path = HomeMapView.m; sourceTree = "<group>"; };
		865FBE4617B4061B00A3F7E2 /* LoginBg.png */ = {isa = PBXFileReference; lastKnownFileType = image.png; path = LoginBg.png; sourceTree = "<group>"; };
		865FBE4A17B4064300A3F7E2 /* ubi.png */ = {isa = PBXFileReference; lastKnownFileType = image.png; path = ubi.png; sourceTree = "<group>"; };
		865FBE4C17B4069000A3F7E2 /* Default.png */ = {isa = PBXFileReference; lastKnownFileType = image.png; path = Default.png; sourceTree = "<group>"; };
		865FBE4D17B4069000A3F7E2 /* Default@2x.png */ = {isa = PBXFileReference; lastKnownFileType = image.png; path = "Default@2x.png"; sourceTree = "<group>"; };
		8666BB6717BC85B8001EBD23 /* SelectedSeg.png */ = {isa = PBXFileReference; lastKnownFileType = image.png; path = SelectedSeg.png; sourceTree = "<group>"; };
		8666BB6817BC85B8001EBD23 /* UnselectedSeg.png */ = {isa = PBXFileReference; lastKnownFileType = image.png; path = UnselectedSeg.png; sourceTree = "<group>"; };
		8666BB6B17BC944D001EBD23 /* Div.png */ = {isa = PBXFileReference; lastKnownFileType = image.png; path = Div.png; sourceTree = "<group>"; };
		8666BB6D17BD3E0D001EBD23 /* GMSMarkerWithCount.h */ = {isa = PBXFileReference; fileEncoding = 4; lastKnownFileType = sourcecode.c.h; path = GMSMarkerWithCount.h; sourceTree = "<group>"; };
		8666BB6E17BD3E0D001EBD23 /* GMSMarkerWithCount.m */ = {isa = PBXFileReference; fileEncoding = 4; lastKnownFileType = sourcecode.c.objc; path = GMSMarkerWithCount.m; sourceTree = "<group>"; };
		8666BB7017BD590E001EBD23 /* musicNoteRed.png */ = {isa = PBXFileReference; lastKnownFileType = image.png; path = musicNoteRed.png; sourceTree = "<group>"; };
		8666BB7517BD5F75001EBD23 /* JukeBox@2x.png */ = {isa = PBXFileReference; lastKnownFileType = image.png; path = "JukeBox@2x.png"; sourceTree = "<group>"; };
		86730A0D17BEB048001CF1C1 /* CurLocationMarker.png */ = {isa = PBXFileReference; lastKnownFileType = image.png; path = CurLocationMarker.png; sourceTree = "<group>"; };
		86730A0F17BEB09C001CF1C1 /* CurLocationMarker@2x.png */ = {isa = PBXFileReference; lastKnownFileType = image.png; path = "CurLocationMarker@2x.png"; sourceTree = "<group>"; };
		86894B5D17A096FF00F7146B /* NewMessageViewController.h */ = {isa = PBXFileReference; fileEncoding = 4; lastKnownFileType = sourcecode.c.h; path = NewMessageViewController.h; sourceTree = "<group>"; };
		86894B5E17A096FF00F7146B /* NewMessageViewController.m */ = {isa = PBXFileReference; fileEncoding = 4; lastKnownFileType = sourcecode.c.objc; path = NewMessageViewController.m; sourceTree = "<group>"; };
		86894B6017A0A72800F7146B /* TextMessage.h */ = {isa = PBXFileReference; fileEncoding = 4; lastKnownFileType = sourcecode.c.h; path = TextMessage.h; sourceTree = "<group>"; };
		86894B6117A0A72800F7146B /* TextMessage.m */ = {isa = PBXFileReference; fileEncoding = 4; lastKnownFileType = sourcecode.c.objc; path = TextMessage.m; sourceTree = "<group>"; };
		86894B6317A1E96200F7146B /* searchbutton.png */ = {isa = PBXFileReference; lastKnownFileType = image.png; path = searchbutton.png; sourceTree = "<group>"; };
		86894B6417A1E96200F7146B /* searchbutton@2x.png */ = {isa = PBXFileReference; lastKnownFileType = image.png; path = "searchbutton@2x.png"; sourceTree = "<group>"; };
		869BEC8517B0119D00437EA0 /* SenTestingKit.framework */ = {isa = PBXFileReference; lastKnownFileType = wrapper.framework; name = SenTestingKit.framework; path = Library/Frameworks/SenTestingKit.framework; sourceTree = DEVELOPER_DIR; };
		86A66C2B17A316A000DB5752 /* NewMessageView.h */ = {isa = PBXFileReference; fileEncoding = 4; lastKnownFileType = sourcecode.c.h; path = NewMessageView.h; sourceTree = "<group>"; };
		86A66C2C17A316A000DB5752 /* NewMessageView.m */ = {isa = PBXFileReference; fileEncoding = 4; lastKnownFileType = sourcecode.c.objc; path = NewMessageView.m; sourceTree = "<group>"; };
		86D1F43117B956BC003B7FED /* envelope@2x.png */ = {isa = PBXFileReference; lastKnownFileType = image.png; path = "envelope@2x.png"; sourceTree = "<group>"; };
		86D1F43317B985B3003B7FED /* addFriend@2x.png */ = {isa = PBXFileReference; lastKnownFileType = image.png; path = "addFriend@2x.png"; sourceTree = "<group>"; };
		86D1F43917B9B6D6003B7FED /* gear@2x.png */ = {isa = PBXFileReference; lastKnownFileType = image.png; path = "gear@2x.png"; sourceTree = "<group>"; };
		86D1F43C17B9BA1B003B7FED /* me@2x.png */ = {isa = PBXFileReference; lastKnownFileType = image.png; path = "me@2x.png"; sourceTree = "<group>"; };
		86D1F43D17B9BA1B003B7FED /* public@2x.png */ = {isa = PBXFileReference; lastKnownFileType = image.png; path = "public@2x.png"; sourceTree = "<group>"; };
		86D1F44117BA9D31003B7FED /* NoteView.h */ = {isa = PBXFileReference; fileEncoding = 4; lastKnownFileType = sourcecode.c.h; path = NoteView.h; sourceTree = "<group>"; };
		86D1F44217BA9D31003B7FED /* NoteView.m */ = {isa = PBXFileReference; fileEncoding = 4; lastKnownFileType = sourcecode.c.objc; path = NoteView.m; sourceTree = "<group>"; };
		86D1F44417BAA0DB003B7FED /* UnreadNote@2x.png */ = {isa = PBXFileReference; lastKnownFileType = image.png; path = "UnreadNote@2x.png"; sourceTree = "<group>"; };
		86D1F44617BAB2B5003B7FED /* NoteViewController.h */ = {isa = PBXFileReference; fileEncoding = 4; lastKnownFileType = sourcecode.c.h; path = NoteViewController.h; sourceTree = "<group>"; };
		86D1F44717BAB2B5003B7FED /* NoteViewController.m */ = {isa = PBXFileReference; fileEncoding = 4; lastKnownFileType = sourcecode.c.objc; path = NoteViewController.m; sourceTree = "<group>"; };
		86D1F44917BAB90A003B7FED /* ToFriends@2x.png */ = {isa = PBXFileReference; lastKnownFileType = image.png; path = "ToFriends@2x.png"; sourceTree = "<group>"; };
		86D1F44A17BAB90A003B7FED /* ToMe@2x.png */ = {isa = PBXFileReference; lastKnownFileType = image.png; path = "ToMe@2x.png"; sourceTree = "<group>"; };
		86D1F44B17BAB90A003B7FED /* ToPublic@2x.png */ = {isa = PBXFileReference; lastKnownFileType = image.png; path = "ToPublic@2x.png"; sourceTree = "<group>"; };
		86D1F44F17BC21EA003B7FED /* close.png */ = {isa = PBXFileReference; lastKnownFileType = image.png; path = close.png; sourceTree = "<group>"; };
		86D1F45117BC29FE003B7FED /* leftarrow.png */ = {isa = PBXFileReference; lastKnownFileType = image.png; path = leftarrow.png; sourceTree = "<group>"; };
		86D1F45217BC29FE003B7FED /* rightarrow.png */ = {isa = PBXFileReference; lastKnownFileType = image.png; path = rightarrow.png; sourceTree = "<group>"; };
		86D1F45517BC2F3C003B7FED /* ReadNote@2x.png */ = {isa = PBXFileReference; lastKnownFileType = image.png; path = "ReadNote@2x.png"; sourceTree = "<group>"; };
/* End PBXFileReference section */

/* Begin PBXFrameworksBuildPhase section */
		82E9316217A079C600B3958B /* Frameworks */ = {
			isa = PBXFrameworksBuildPhase;
			buildActionMask = 2147483647;
			files = (
				827CFE7717BD6A69003ED5AB /* MediaPlayer.framework in Frameworks */,
				827C7A2917BAE44E000253DF /* StoreKit.framework in Frameworks */,
				82AA118017BADC8800D570DC /* Security.framework in Frameworks */,
				60CB90BA17A086CF00A9E93A /* SystemConfiguration.framework in Frameworks */,
				60CB90BE17A0872200A9E93A /* CFNetwork.framework in Frameworks */,
				82AA117E17BADC7A00D570DC /* AudioToolbox.framework in Frameworks */,
				60CB90BC17A086DB00A9E93A /* QuartzCore.framework in Frameworks */,
				60C0B47217A1AA6000DC0F92 /* OpenGLES.framework in Frameworks */,
				60CB90C617A0897E00A9E93A /* libz.dylib in Frameworks */,
				60C0B47017A1AA5100DC0F92 /* libicucore.dylib in Frameworks */,
				60C0B46E17A1AA4500DC0F92 /* libc++.dylib in Frameworks */,
				60C0B46C17A1AA3C00DC0F92 /* ImageIO.framework in Frameworks */,
				82AA117C17BADC5F00D570DC /* Rdio.framework in Frameworks */,
				60C0B46A17A1AA3500DC0F92 /* GLKit.framework in Frameworks */,
				60C0B46817A1AA2E00DC0F92 /* CoreText.framework in Frameworks */,
				60C0B46617A1AA2700DC0F92 /* CoreLocation.framework in Frameworks */,
				60C0B46417A1AA1D00DC0F92 /* CoreData.framework in Frameworks */,
				60C0B46217A1AA1500DC0F92 /* AVFoundation.framework in Frameworks */,
				60CB90C817A0899700A9E93A /* libsqlite3.dylib in Frameworks */,
				60CB90C017A0872F00A9E93A /* MobileCoreServices.framework in Frameworks */,
				60CB90B617A086B500A9E93A /* AdSupport.framework in Frameworks */,
				60C0B45E17A1A4E400DC0F92 /* GoogleMaps.framework in Frameworks */,
				82E9316B17A079C600B3958B /* CoreGraphics.framework in Frameworks */,
				82E9316D17A079C600B3958B /* UIKit.framework in Frameworks */,
				82E9316917A079C600B3958B /* Foundation.framework in Frameworks */,
				60CB90B217A0866B00A9E93A /* Parse.framework in Frameworks */,
				60C0B46017A1A9EF00DC0F92 /* FacebookSDK.framework in Frameworks */,
			);
			runOnlyForDeploymentPostprocessing = 0;
		};
		82E9317D17A079C600B3958B /* Frameworks */ = {
			isa = PBXFrameworksBuildPhase;
			buildActionMask = 2147483647;
			files = (
				82E9318217A079C600B3958B /* XCTest.framework in Frameworks */,
				82E9318417A079C600B3958B /* UIKit.framework in Frameworks */,
				82E9318317A079C600B3958B /* Foundation.framework in Frameworks */,
				869BEC9D17B0143E00437EA0 /* SenTestingKit.framework in Frameworks */,
			);
			runOnlyForDeploymentPostprocessing = 0;
		};
/* End PBXFrameworksBuildPhase section */

/* Begin PBXGroup section */
		60F4439817C28B7600C86E7E /* Libraries */ = {
			isa = PBXGroup;
			children = (
				82148F3017AADD140066C69A /* Geocoding.h */,
				82148F3117AADD140066C69A /* Geocoding.m */,
				60F4439917C28B8A00C86E7E /* AutoScrollLabel.h */,
				60F4439A17C28B8A00C86E7E /* AutoScrollLabel.m */,
			);
			name = Libraries;
			sourceTree = "<group>";
		};
		82E9315C17A079C600B3958B = {
			isa = PBXGroup;
			children = (
				82E9316E17A079C600B3958B /* Ubiquity */,
				82E9318717A079C600B3958B /* UbiquityTests */,
				82E9316717A079C600B3958B /* Frameworks */,
				82E9316617A079C600B3958B /* Products */,
			);
			sourceTree = "<group>";
		};
		82E9316617A079C600B3958B /* Products */ = {
			isa = PBXGroup;
			children = (
				82E9316517A079C600B3958B /* Ubiquity.app */,
				82E9318017A079C600B3958B /* UbiquityTests.xctest */,
			);
			name = Products;
			sourceTree = "<group>";
		};
		82E9316717A079C600B3958B /* Frameworks */ = {
			isa = PBXGroup;
			children = (
				827CFE7617BD6A69003ED5AB /* MediaPlayer.framework */,
				82AA117F17BADC8800D570DC /* Security.framework */,
				82AA117D17BADC7A00D570DC /* AudioToolbox.framework */,
				82AA117B17BADC5F00D570DC /* Rdio.framework */,
				869BEC8517B0119D00437EA0 /* SenTestingKit.framework */,
				82148F3317AADEE80066C69A /* CoreFoundation.framework */,
				8624CD2017A2E99800F32DE8 /* StoreKit.framework */,
				60C0B47717A1E4F000DC0F92 /* GMSCoreResources.bundle */,
				60C0B47117A1AA6000DC0F92 /* OpenGLES.framework */,
				60C0B46F17A1AA5100DC0F92 /* libicucore.dylib */,
				60C0B47517A1E44A00DC0F92 /* GoogleMaps.bundle */,
				60C0B46D17A1AA4500DC0F92 /* libc++.dylib */,
				60C0B46B17A1AA3C00DC0F92 /* ImageIO.framework */,
				60C0B46917A1AA3500DC0F92 /* GLKit.framework */,
				60C0B46717A1AA2E00DC0F92 /* CoreText.framework */,
				60C0B46517A1AA2700DC0F92 /* CoreLocation.framework */,
				60C0B46317A1AA1D00DC0F92 /* CoreData.framework */,
				60C0B46117A1AA1500DC0F92 /* AVFoundation.framework */,
				60CB90C717A0899700A9E93A /* libsqlite3.dylib */,
				60CB90C517A0897E00A9E93A /* libz.dylib */,
				60C0B45F17A1A9EF00DC0F92 /* FacebookSDK.framework */,
				60C0B45D17A1A4E400DC0F92 /* GoogleMaps.framework */,
				60CB90BF17A0872F00A9E93A /* MobileCoreServices.framework */,
				60CB90BD17A0872200A9E93A /* CFNetwork.framework */,
				60CB90BB17A086DB00A9E93A /* QuartzCore.framework */,
				60CB90B917A086CF00A9E93A /* SystemConfiguration.framework */,
				60CB90B517A086B500A9E93A /* AdSupport.framework */,
				82E9316817A079C600B3958B /* Foundation.framework */,
				82E9319717A07A3700B3958B /* FacebookSDKResources.bundle */,
				60CB90B117A0866B00A9E93A /* Parse.framework */,
				82E9316A17A079C600B3958B /* CoreGraphics.framework */,
				82E9316C17A079C600B3958B /* UIKit.framework */,
				82E9318117A079C600B3958B /* XCTest.framework */,
			);
			name = Frameworks;
			sourceTree = "<group>";
		};
		82E9316E17A079C600B3958B /* Ubiquity */ = {
			isa = PBXGroup;
			children = (
				60F4439817C28B7600C86E7E /* Libraries */,
				82CA7C3017BC37DA00F00008 /* AddMusicViewController.h */,
				82CA7C3117BC37DA00F00008 /* AddMusicViewController.m */,
				82E9317717A079C600B3958B /* AppDelegate.h */,
				82E9317817A079C600B3958B /* AppDelegate.m */,
				6097BED817A6DC650012A36A /* LocationController.h */,
				6097BED917A6DC650012A36A /* LocationController.m */,
				8249ED8B17B9533200541598 /* LoginViewController.h */,
				82E931B817A07A8800B3958B /* LoginViewController.m */,
				8205692317B95876006A2000 /* LoginView.m */,
				8254637417B953BE00019C24 /* LoginView.h */,
				864C054517B5BF79000B5A52 /* HomeMapViewController.h */,
				864C054617B5BF79000B5A52 /* HomeMapViewController.m */,
				864C054817B5BF99000B5A52 /* HomeMapView.h */,
				864C054917B5BF99000B5A52 /* HomeMapView.m */,
				20F8F2A717A1F0F600594994 /* WallPostsViewController.h */,
				20F8F2A817A1F0F600594994 /* WallPostsViewController.m */,
				8666BB6D17BD3E0D001EBD23 /* GMSMarkerWithCount.h */,
				8666BB6E17BD3E0D001EBD23 /* GMSMarkerWithCount.m */,
				20F8F2AA17A1F0FD00594994 /* OptionsViewController.h */,
				20F8F2AB17A1F0FD00594994 /* OptionsViewController.m */,
				86894B5D17A096FF00F7146B /* NewMessageViewController.h */,
				86894B5E17A096FF00F7146B /* NewMessageViewController.m */,
				86A66C2B17A316A000DB5752 /* NewMessageView.h */,
				86A66C2C17A316A000DB5752 /* NewMessageView.m */,
				86894B6017A0A72800F7146B /* TextMessage.h */,
				86894B6117A0A72800F7146B /* TextMessage.m */,
				86D1F44617BAB2B5003B7FED /* NoteViewController.h */,
				86D1F44717BAB2B5003B7FED /* NoteViewController.m */,
				86D1F44117BA9D31003B7FED /* NoteView.h */,
				86D1F44217BA9D31003B7FED /* NoteView.m */,
				82E9317A17A079C600B3958B /* Images.xcassets */,
				82E9316F17A079C600B3958B /* Supporting Files */,
			);
			path = Ubiquity;
			sourceTree = "<group>";
		};
		82E9316F17A079C600B3958B /* Supporting Files */ = {
			isa = PBXGroup;
			children = (
				60F4439617BEDBDC00C86E7E /* bluewood.jpg */,
				86730A0D17BEB048001CF1C1 /* CurLocationMarker.png */,
				86730A0F17BEB09C001CF1C1 /* CurLocationMarker@2x.png */,
				860A83EC17BD8B4D00DFB58A /* addFriend.png */,
				86D1F43317B985B3003B7FED /* addFriend@2x.png */,
				829ED75E17B3135A006AD7D5 /* camera.png */,
				86D1F44F17BC21EA003B7FED /* close.png */,
				60B3A23217BACD9F00CBCE51 /* Default-568h@2x.png */,
				865FBE4C17B4069000A3F7E2 /* Default.png */,
				865FBE4D17B4069000A3F7E2 /* Default@2x.png */,
				8666BB6B17BC944D001EBD23 /* Div.png */,
				860A83E417BD8B4300DFB58A /* envelope.png */,
				86D1F43117B956BC003B7FED /* envelope@2x.png */,
				860A83E517BD8B4300DFB58A /* friends.png */,
				864C053E17B5702C000B5A52 /* friends@2x.png */,
				860A83E617BD8B4300DFB58A /* gear.png */,
				86D1F43917B9B6D6003B7FED /* gear@2x.png */,
				82E931F117A093D500B3958B /* icon.png */,
				82E931F217A093D500B3958B /* icon@2x.png */,
				82E9317117A079C600B3958B /* InfoPlist.strings */,
				860A83E717BD8B4300DFB58A /* JukeBox.png */,
				8666BB7517BD5F75001EBD23 /* JukeBox@2x.png */,
				86D1F45117BC29FE003B7FED /* leftarrow.png */,
				82E931E317A093C600B3958B /* login-button-small-pressed.png */,
				82E931E417A093C600B3958B /* login-button-small-pressed@2x.png */,
				82E931E517A093C600B3958B /* login-button-small.png */,
				82E931E617A093C600B3958B /* login-button-small@2x.png */,
				865FBE4617B4061B00A3F7E2 /* LoginBg.png */,
				82E9317417A079C600B3958B /* main.m */,
				86D1F43C17B9BA1B003B7FED /* me@2x.png */,
				82CA7C2F17BC37DA00F00008 /* musicNote.png */,
				8666BB7017BD590E001EBD23 /* musicNoteRed.png */,
				860A83DE17BD8B3400DFB58A /* newMessage.png */,
				864C053917B57003000B5A52 /* newMessage@2x.png */,
				860A83DF17BD8B3400DFB58A /* public.png */,
				86D1F43D17B9BA1B003B7FED /* public@2x.png */,
				860A83E017BD8B3400DFB58A /* ReadNote.png */,
				86D1F45517BC2F3C003B7FED /* ReadNote@2x.png */,
				86D1F45217BC29FE003B7FED /* rightarrow.png */,
				86894B6317A1E96200F7146B /* searchbutton.png */,
				86894B6417A1E96200F7146B /* searchbutton@2x.png */,
				8666BB6717BC85B8001EBD23 /* SelectedSeg.png */,
				860A83D817BD8B2800DFB58A /* ToFriends.png */,
				86D1F44917BAB90A003B7FED /* ToFriends@2x.png */,
				860A83D917BD8B2800DFB58A /* ToMe.png */,
				86D1F44A17BAB90A003B7FED /* ToMe@2x.png */,
				860A83DA17BD8B2800DFB58A /* ToPublic.png */,
				86D1F44B17BAB90A003B7FED /* ToPublic@2x.png */,
				865FBE4A17B4064300A3F7E2 /* ubi.png */,
				82E9317017A079C600B3958B /* Ubiquity-Info.plist */,
				82E9317617A079C600B3958B /* Ubiquity-Prefix.pch */,
				860A83D617BD8B1A00DFB58A /* UnreadNote.png */,
				86D1F44417BAA0DB003B7FED /* UnreadNote@2x.png */,
				8666BB6817BC85B8001EBD23 /* UnselectedSeg.png */,
			);
			name = "Supporting Files";
			sourceTree = "<group>";
		};
		82E9318717A079C600B3958B /* UbiquityTests */ = {
			isa = PBXGroup;
			children = (
				82E9318D17A079C600B3958B /* UbiquityTests.m */,
				82E9318817A079C600B3958B /* Supporting Files */,
			);
			path = UbiquityTests;
			sourceTree = "<group>";
		};
		82E9318817A079C600B3958B /* Supporting Files */ = {
			isa = PBXGroup;
			children = (
				82E9318917A079C600B3958B /* UbiquityTests-Info.plist */,
				82E9318A17A079C600B3958B /* InfoPlist.strings */,
			);
			name = "Supporting Files";
			sourceTree = "<group>";
		};
/* End PBXGroup section */

/* Begin PBXNativeTarget section */
		82E9316417A079C600B3958B /* Ubiquity */ = {
			isa = PBXNativeTarget;
			buildConfigurationList = 82E9319117A079C600B3958B /* Build configuration list for PBXNativeTarget "Ubiquity" */;
			buildPhases = (
				82E9316117A079C600B3958B /* Sources */,
				82E9316217A079C600B3958B /* Frameworks */,
				82E9316317A079C600B3958B /* Resources */,
			);
			buildRules = (
			);
			dependencies = (
			);
			name = Ubiquity;
			productName = Ubiquity;
			productReference = 82E9316517A079C600B3958B /* Ubiquity.app */;
			productType = "com.apple.product-type.application";
		};
		82E9317F17A079C600B3958B /* UbiquityTests */ = {
			isa = PBXNativeTarget;
			buildConfigurationList = 82E9319417A079C600B3958B /* Build configuration list for PBXNativeTarget "UbiquityTests" */;
			buildPhases = (
				82E9317C17A079C600B3958B /* Sources */,
				82E9317D17A079C600B3958B /* Frameworks */,
				82E9317E17A079C600B3958B /* Resources */,
			);
			buildRules = (
			);
			dependencies = (
				82E9318617A079C600B3958B /* PBXTargetDependency */,
			);
			name = UbiquityTests;
			productName = UbiquityTests;
			productReference = 82E9318017A079C600B3958B /* UbiquityTests.xctest */;
			productType = "com.apple.product-type.bundle.unit-test";
		};
/* End PBXNativeTarget section */

/* Begin PBXProject section */
		82E9315D17A079C600B3958B /* Project object */ = {
			isa = PBXProject;
			attributes = {
				LastUpgradeCheck = 0500;
				ORGANIZATIONNAME = "Team Ubi";
				TargetAttributes = {
					82E9317F17A079C600B3958B = {
						TestTargetID = 82E9316417A079C600B3958B;
					};
				};
			};
			buildConfigurationList = 82E9316017A079C600B3958B /* Build configuration list for PBXProject "Ubiquity" */;
			compatibilityVersion = "Xcode 3.2";
			developmentRegion = English;
			hasScannedForEncodings = 0;
			knownRegions = (
				en,
			);
			mainGroup = 82E9315C17A079C600B3958B;
			productRefGroup = 82E9316617A079C600B3958B /* Products */;
			projectDirPath = "";
			projectRoot = "";
			targets = (
				82E9316417A079C600B3958B /* Ubiquity */,
				82E9317F17A079C600B3958B /* UbiquityTests */,
			);
		};
/* End PBXProject section */

/* Begin PBXResourcesBuildPhase section */
		82E9316317A079C600B3958B /* Resources */ = {
			isa = PBXResourcesBuildPhase;
			buildActionMask = 2147483647;
			files = (
				86D1F45417BC29FE003B7FED /* rightarrow.png in Resources */,
				60C0B47817A1E82100DC0F92 /* GMSCoreResources.bundle in Resources */,
				86D1F45317BC29FE003B7FED /* leftarrow.png in Resources */,
				864C053A17B57003000B5A52 /* newMessage@2x.png in Resources */,
				8666BB7117BD590E001EBD23 /* musicNoteRed.png in Resources */,
				82E931EA17A093C600B3958B /* login-button-small-pressed.png in Resources */,
				8666BB6A17BC85B8001EBD23 /* UnselectedSeg.png in Resources */,
				860A83D717BD8B1A00DFB58A /* UnreadNote.png in Resources */,
				86D1F43A17B9B6D6003B7FED /* gear@2x.png in Resources */,
				86730A0E17BEB048001CF1C1 /* CurLocationMarker.png in Resources */,
				865FBE4E17B4069000A3F7E2 /* Default.png in Resources */,
				86D1F43217B956BC003B7FED /* envelope@2x.png in Resources */,
				86894B6517A1E96200F7146B /* searchbutton.png in Resources */,
				860A83EB17BD8B4300DFB58A /* JukeBox.png in Resources */,
				82E931EB17A093C600B3958B /* login-button-small-pressed@2x.png in Resources */,
				86D1F44017B9BA1B003B7FED /* public@2x.png in Resources */,
				864C054017B5702C000B5A52 /* friends@2x.png in Resources */,
				82E931EC17A093C600B3958B /* login-button-small.png in Resources */,
				860A83E217BD8B3400DFB58A /* public.png in Resources */,
				8666BB6917BC85B8001EBD23 /* SelectedSeg.png in Resources */,
				60C0B47617A1E44A00DC0F92 /* GoogleMaps.bundle in Resources */,
				860A83DB17BD8B2800DFB58A /* ToFriends.png in Resources */,
				865FBE4F17B4069000A3F7E2 /* Default@2x.png in Resources */,
				860A83E917BD8B4300DFB58A /* friends.png in Resources */,
				82CA7C3217BC37DA00F00008 /* musicNote.png in Resources */,
				82E9317317A079C600B3958B /* InfoPlist.strings in Resources */,
				82E931F317A093D500B3958B /* icon.png in Resources */,
				86D1F43417B985B3003B7FED /* addFriend@2x.png in Resources */,
				860A83EA17BD8B4300DFB58A /* gear.png in Resources */,
				86D1F43F17B9BA1B003B7FED /* me@2x.png in Resources */,
				829ED75F17B3135A006AD7D5 /* camera.png in Resources */,
				860A83DC17BD8B2800DFB58A /* ToMe.png in Resources */,
				865FBE4B17B4064300A3F7E2 /* ubi.png in Resources */,
				82E931ED17A093C600B3958B /* login-button-small@2x.png in Resources */,
				86D1F44517BAA0DB003B7FED /* UnreadNote@2x.png in Resources */,
				86D1F44E17BAB90A003B7FED /* ToPublic@2x.png in Resources */,
				865FBE4717B4061B00A3F7E2 /* LoginBg.png in Resources */,
				86D1F44C17BAB90A003B7FED /* ToFriends@2x.png in Resources */,
				860A83E117BD8B3400DFB58A /* newMessage.png in Resources */,
				82E931A717A07A3700B3958B /* FacebookSDKResources.bundle in Resources */,
				86D1F44D17BAB90A003B7FED /* ToMe@2x.png in Resources */,
				86D1F45017BC21EA003B7FED /* close.png in Resources */,
				860A83ED17BD8B4D00DFB58A /* addFriend.png in Resources */,
				86894B6617A1E96200F7146B /* searchbutton@2x.png in Resources */,
				86730A1017BEB09C001CF1C1 /* CurLocationMarker@2x.png in Resources */,
				860A83E317BD8B3400DFB58A /* ReadNote.png in Resources */,
				860A83DD17BD8B2800DFB58A /* ToPublic.png in Resources */,
				8666BB6C17BC944D001EBD23 /* Div.png in Resources */,
				8666BB7617BD5F75001EBD23 /* JukeBox@2x.png in Resources */,
				82E9317B17A079C600B3958B /* Images.xcassets in Resources */,
				82E931F417A093D500B3958B /* icon@2x.png in Resources */,
				860A83E817BD8B4300DFB58A /* envelope.png in Resources */,
				86D1F45617BC2F3C003B7FED /* ReadNote@2x.png in Resources */,
				60F4439717BEDBDC00C86E7E /* bluewood.jpg in Resources */,
			);
			runOnlyForDeploymentPostprocessing = 0;
		};
		82E9317E17A079C600B3958B /* Resources */ = {
			isa = PBXResourcesBuildPhase;
			buildActionMask = 2147483647;
			files = (
				82E9318C17A079C600B3958B /* InfoPlist.strings in Resources */,
			);
			runOnlyForDeploymentPostprocessing = 0;
		};
/* End PBXResourcesBuildPhase section */

/* Begin PBXSourcesBuildPhase section */
		82E9316117A079C600B3958B /* Sources */ = {
			isa = PBXSourcesBuildPhase;
			buildActionMask = 2147483647;
			files = (
				8205692417B95876006A2000 /* LoginView.m in Sources */,
				86894B5F17A096FF00F7146B /* NewMessageViewController.m in Sources */,
				82E9317917A079C600B3958B /* AppDelegate.m in Sources */,
				82E9317517A079C600B3958B /* main.m in Sources */,
				8666BB6F17BD3E0D001EBD23 /* GMSMarkerWithCount.m in Sources */,
				82CA7C3317BC37DA00F00008 /* AddMusicViewController.m in Sources */,
				86A66C2D17A316A000DB5752 /* NewMessageView.m in Sources */,
				20F8F2A917A1F0F600594994 /* WallPostsViewController.m in Sources */,
				82148F3217AADD140066C69A /* Geocoding.m in Sources */,
				864C054717B5BF79000B5A52 /* HomeMapViewController.m in Sources */,
				864C054A17B5BF99000B5A52 /* HomeMapView.m in Sources */,
				6097BEDA17A6DC650012A36A /* LocationController.m in Sources */,
				86D1F44317BA9D31003B7FED /* NoteView.m in Sources */,
				86894B6217A0A72800F7146B /* TextMessage.m in Sources */,
				82E931BA17A07A8800B3958B /* LoginViewController.m in Sources */,
				86D1F44817BAB2B5003B7FED /* NoteViewController.m in Sources */,
				60F4439B17C28B8A00C86E7E /* AutoScrollLabel.m in Sources */,
				20F8F2AC17A1F0FD00594994 /* OptionsViewController.m in Sources */,
			);
			runOnlyForDeploymentPostprocessing = 0;
		};
		82E9317C17A079C600B3958B /* Sources */ = {
			isa = PBXSourcesBuildPhase;
			buildActionMask = 2147483647;
			files = (
				82E9318E17A079C600B3958B /* UbiquityTests.m in Sources */,
			);
			runOnlyForDeploymentPostprocessing = 0;
		};
/* End PBXSourcesBuildPhase section */

/* Begin PBXTargetDependency section */
		82E9318617A079C600B3958B /* PBXTargetDependency */ = {
			isa = PBXTargetDependency;
			target = 82E9316417A079C600B3958B /* Ubiquity */;
			targetProxy = 82E9318517A079C600B3958B /* PBXContainerItemProxy */;
		};
/* End PBXTargetDependency section */

/* Begin PBXVariantGroup section */
		82E9317117A079C600B3958B /* InfoPlist.strings */ = {
			isa = PBXVariantGroup;
			children = (
				82E9317217A079C600B3958B /* en */,
			);
			name = InfoPlist.strings;
			sourceTree = "<group>";
		};
		82E9318A17A079C600B3958B /* InfoPlist.strings */ = {
			isa = PBXVariantGroup;
			children = (
				82E9318B17A079C600B3958B /* en */,
			);
			name = InfoPlist.strings;
			sourceTree = "<group>";
		};
/* End PBXVariantGroup section */

/* Begin XCBuildConfiguration section */
		82E9318F17A079C600B3958B /* Debug */ = {
			isa = XCBuildConfiguration;
			buildSettings = {
				ALWAYS_SEARCH_USER_PATHS = NO;
				CLANG_CXX_LANGUAGE_STANDARD = "gnu++0x";
				CLANG_CXX_LIBRARY = "libc++";
				CLANG_ENABLE_MODULES = YES;
				CLANG_ENABLE_OBJC_ARC = YES;
				CLANG_WARN_BOOL_CONVERSION = YES;
				CLANG_WARN_CONSTANT_CONVERSION = YES;
				CLANG_WARN_DIRECT_OBJC_ISA_USAGE = YES_ERROR;
				CLANG_WARN_EMPTY_BODY = YES;
				CLANG_WARN_ENUM_CONVERSION = YES;
				CLANG_WARN_INT_CONVERSION = YES;
				CLANG_WARN_OBJC_ROOT_CLASS = YES_ERROR;
				CLANG_WARN__DUPLICATE_METHOD_MATCH = YES;
				CODE_SIGN_IDENTITY = "iPhone Developer: Wei Wu (84PL3ZK5E3)";
				"CODE_SIGN_IDENTITY[sdk=iphoneos*]" = "iPhone Developer: Wei Wu (84PL3ZK5E3)";
				COPY_PHASE_STRIP = NO;
				GCC_C_LANGUAGE_STANDARD = gnu99;
				GCC_DYNAMIC_NO_PIC = NO;
				GCC_OPTIMIZATION_LEVEL = 0;
				GCC_PREPROCESSOR_DEFINITIONS = (
					"DEBUG=1",
					"$(inherited)",
				);
				GCC_SYMBOLS_PRIVATE_EXTERN = NO;
				GCC_WARN_ABOUT_RETURN_TYPE = YES_ERROR;
				GCC_WARN_UNDECLARED_SELECTOR = YES;
				GCC_WARN_UNINITIALIZED_AUTOS = YES;
				GCC_WARN_UNUSED_FUNCTION = YES;
				GCC_WARN_UNUSED_VARIABLE = YES;
				IPHONEOS_DEPLOYMENT_TARGET = 6.1;
				ONLY_ACTIVE_ARCH = YES;
				OTHER_LDFLAGS = (
					"-all_load",
					"-ObjC",
				);
				SDKROOT = iphoneos;
			};
			name = Debug;
		};
		82E9319017A079C600B3958B /* Release */ = {
			isa = XCBuildConfiguration;
			buildSettings = {
				ALWAYS_SEARCH_USER_PATHS = NO;
				CLANG_CXX_LANGUAGE_STANDARD = "gnu++0x";
				CLANG_CXX_LIBRARY = "libc++";
				CLANG_ENABLE_MODULES = YES;
				CLANG_ENABLE_OBJC_ARC = YES;
				CLANG_WARN_BOOL_CONVERSION = YES;
				CLANG_WARN_CONSTANT_CONVERSION = YES;
				CLANG_WARN_DIRECT_OBJC_ISA_USAGE = YES_ERROR;
				CLANG_WARN_EMPTY_BODY = YES;
				CLANG_WARN_ENUM_CONVERSION = YES;
				CLANG_WARN_INT_CONVERSION = YES;
				CLANG_WARN_OBJC_ROOT_CLASS = YES_ERROR;
				CLANG_WARN__DUPLICATE_METHOD_MATCH = YES;
				CODE_SIGN_IDENTITY = "iPhone Developer: Wei Wu (84PL3ZK5E3)";
				"CODE_SIGN_IDENTITY[sdk=iphoneos*]" = "iPhone Developer: Wei Wu (84PL3ZK5E3)";
				COPY_PHASE_STRIP = YES;
				ENABLE_NS_ASSERTIONS = NO;
				GCC_C_LANGUAGE_STANDARD = gnu99;
				GCC_WARN_ABOUT_RETURN_TYPE = YES_ERROR;
				GCC_WARN_UNDECLARED_SELECTOR = YES;
				GCC_WARN_UNINITIALIZED_AUTOS = YES;
				GCC_WARN_UNUSED_FUNCTION = YES;
				GCC_WARN_UNUSED_VARIABLE = YES;
				IPHONEOS_DEPLOYMENT_TARGET = 6.1;
				OTHER_LDFLAGS = (
					"-all_load",
					"-ObjC",
				);
				SDKROOT = iphoneos;
				VALIDATE_PRODUCT = YES;
			};
			name = Release;
		};
		82E9319217A079C600B3958B /* Debug */ = {
			isa = XCBuildConfiguration;
			buildSettings = {
				ARCHS = armv7;
				ASSETCATALOG_COMPILER_APPICON_NAME = AppIcon;
				ASSETCATALOG_COMPILER_LAUNCHIMAGE_NAME = LaunchImage;
				CODE_SIGN_IDENTITY = "iPhone Developer";
				FRAMEWORK_SEARCH_PATHS = (
					"$(inherited)",
					"$(SRCROOT)",
					"$(SYSTEM_APPS_DIR)/Xcode5-DP3.app/Contents/Developer/Library/Frameworks",
				);
				GCC_PRECOMPILE_PREFIX_HEADER = YES;
				GCC_PREFIX_HEADER = "Ubiquity/Ubiquity-Prefix.pch";
				INFOPLIST_FILE = "Ubiquity/Ubiquity-Info.plist";
				IPHONEOS_DEPLOYMENT_TARGET = 6.1;
				LIBRARY_SEARCH_PATHS = (
					"$(inherited)",
					"$(SRCROOT)",
				);
				PRODUCT_NAME = "$(TARGET_NAME)";
				PROVISIONING_PROFILE = "";
				TARGETED_DEVICE_FAMILY = 1;
				WRAPPER_EXTENSION = app;
			};
			name = Debug;
		};
		82E9319317A079C600B3958B /* Release */ = {
			isa = XCBuildConfiguration;
			buildSettings = {
				ARCHS = armv7;
				ASSETCATALOG_COMPILER_APPICON_NAME = AppIcon;
				ASSETCATALOG_COMPILER_LAUNCHIMAGE_NAME = LaunchImage;
				CODE_SIGN_IDENTITY = "iPhone Developer";
				FRAMEWORK_SEARCH_PATHS = (
					"$(inherited)",
					"$(SRCROOT)",
					"$(SYSTEM_APPS_DIR)/Xcode5-DP3.app/Contents/Developer/Library/Frameworks",
				);
				GCC_PRECOMPILE_PREFIX_HEADER = YES;
				GCC_PREFIX_HEADER = "Ubiquity/Ubiquity-Prefix.pch";
				INFOPLIST_FILE = "Ubiquity/Ubiquity-Info.plist";
				IPHONEOS_DEPLOYMENT_TARGET = 6.1;
				LIBRARY_SEARCH_PATHS = (
					"$(inherited)",
					"$(SRCROOT)",
				);
				"OTHER_LDFLAGS[arch=*]" = "-ObjC";
				PRODUCT_NAME = "$(TARGET_NAME)";
				PROVISIONING_PROFILE = "";
				TARGETED_DEVICE_FAMILY = 1;
				WRAPPER_EXTENSION = app;
			};
			name = Release;
		};
		82E9319517A079C600B3958B /* Debug */ = {
			isa = XCBuildConfiguration;
			buildSettings = {
				BUNDLE_LOADER = "$(BUILT_PRODUCTS_DIR)/Ubiquity.app/Ubiquity";
				FRAMEWORK_SEARCH_PATHS = (
					"$(SDKROOT)/Developer/Library/Frameworks",
					"$(inherited)",
					"$(SYSTEM_APPS_DIR)/Xcode5-DP3.app/Contents/Developer/Library/Frameworks",
					"$(SRCROOT)",
				);
				GCC_PRECOMPILE_PREFIX_HEADER = YES;
				GCC_PREFIX_HEADER = "Ubiquity/Ubiquity-Prefix.pch";
				GCC_PREPROCESSOR_DEFINITIONS = (
					"DEBUG=1",
					"$(inherited)",
				);
				INFOPLIST_FILE = "UbiquityTests/UbiquityTests-Info.plist";
				OTHER_LDFLAGS = (
					"$(inherited)",
					"-framework",
					XCTest,
					"-all_load",
					"-ObjC",
				);
				PRODUCT_NAME = "$(TARGET_NAME)";
				TEST_HOST = "$(BUNDLE_LOADER)";
				WRAPPER_EXTENSION = xctest;
			};
			name = Debug;
		};
		82E9319617A079C600B3958B /* Release */ = {
			isa = XCBuildConfiguration;
			buildSettings = {
				BUNDLE_LOADER = "$(BUILT_PRODUCTS_DIR)/Ubiquity.app/Ubiquity";
				FRAMEWORK_SEARCH_PATHS = (
					"$(SDKROOT)/Developer/Library/Frameworks",
					"$(inherited)",
					"$(SYSTEM_APPS_DIR)/Xcode5-DP3.app/Contents/Developer/Library/Frameworks",
					"$(SRCROOT)",
				);
				GCC_PRECOMPILE_PREFIX_HEADER = YES;
				GCC_PREFIX_HEADER = "Ubiquity/Ubiquity-Prefix.pch";
				INFOPLIST_FILE = "UbiquityTests/UbiquityTests-Info.plist";
				OTHER_LDFLAGS = (
					"$(inherited)",
					"-framework",
					XCTest,
					"-all_load",
					"-ObjC",
				);
				PRODUCT_NAME = "$(TARGET_NAME)";
				TEST_HOST = "$(BUNDLE_LOADER)";
				WRAPPER_EXTENSION = xctest;
			};
			name = Release;
		};
/* End XCBuildConfiguration section */

/* Begin XCConfigurationList section */
		82E9316017A079C600B3958B /* Build configuration list for PBXProject "Ubiquity" */ = {
			isa = XCConfigurationList;
			buildConfigurations = (
				82E9318F17A079C600B3958B /* Debug */,
				82E9319017A079C600B3958B /* Release */,
			);
			defaultConfigurationIsVisible = 0;
			defaultConfigurationName = Release;
		};
		82E9319117A079C600B3958B /* Build configuration list for PBXNativeTarget "Ubiquity" */ = {
			isa = XCConfigurationList;
			buildConfigurations = (
				82E9319217A079C600B3958B /* Debug */,
				82E9319317A079C600B3958B /* Release */,
			);
			defaultConfigurationIsVisible = 0;
			defaultConfigurationName = Release;
		};
		82E9319417A079C600B3958B /* Build configuration list for PBXNativeTarget "UbiquityTests" */ = {
			isa = XCConfigurationList;
			buildConfigurations = (
				82E9319517A079C600B3958B /* Debug */,
				82E9319617A079C600B3958B /* Release */,
			);
			defaultConfigurationIsVisible = 0;
			defaultConfigurationName = Release;
		};
/* End XCConfigurationList section */
	};
	rootObject = 82E9315D17A079C600B3958B /* Project object */;
}
